<?xml version="1.0" encoding="utf-8"?>
<Project ToolsVersion="4.0" xmlns="http://schemas.microsoft.com/developer/msbuild/2003">
  <ItemGroup>
    <Filter Include="Assets">
      <UniqueIdentifier>1e912272-5a0f-4e10-848a-ab76f7da86a2</UniqueIdentifier>
      <Extensions>ico;cur;bmp;dds;dlg;fbx;rct;bin;rgs;gif;jpg;jpeg;jpe;resx;tga;tiff;tif;png;wav;mfcribbon-ms</Extensions>
    </Filter>
    <Filter Include="Game">
      <UniqueIdentifier>bef4aad6-c75b-427a-aea4-1c613ed64cae</UniqueIdentifier>
    </Filter>
    <Filter Include="Game\Common">
      <UniqueIdentifier>{60fcce74-c941-4b3c-a92e-be9d46f30b7e}</UniqueIdentifier>
    </Filter>
    <Filter Include="Game\Game">
      <UniqueIdentifier>{ab9bade7-a685-41e2-915d-e93f859d4d80}</UniqueIdentifier>
    </Filter>
    <Filter Include="Game\Framework">
      <UniqueIdentifier>{3a638d11-505f-4a2b-9da7-d244291c9b30}</UniqueIdentifier>
    </Filter>
    <Filter Include="Game\Resources">
      <UniqueIdentifier>{f45db255-1b80-482d-8235-fae4c13c253f}</UniqueIdentifier>
    </Filter>
    <Filter Include="Game\Framework\Context">
      <UniqueIdentifier>{4f5db314-50dd-40e2-8d12-77a40d92f69b}</UniqueIdentifier>
    </Filter>
    <Filter Include="Game\Framework\Json">
      <UniqueIdentifier>{73ea9074-6bc8-4530-a4da-99f330e719f8}</UniqueIdentifier>
    </Filter>
    <Filter Include="Game\Framework\Sound">
      <UniqueIdentifier>{96a47629-616e-4cfc-94fb-9c96fe450cb2}</UniqueIdentifier>
    </Filter>
    <Filter Include="Game\Framework\Utility">
      <UniqueIdentifier>{ab8d554a-697d-462f-95a6-b8dcf696f022}</UniqueIdentifier>
    </Filter>
    <Filter Include="Game\Framework\GameObject">
      <UniqueIdentifier>{d98f48a2-29d6-4199-9ded-b2802f19b58e}</UniqueIdentifier>
    </Filter>
    <Filter Include="Game\Game\State">
      <UniqueIdentifier>{faf24576-4836-4044-b918-d5a8fa6d207b}</UniqueIdentifier>
    </Filter>
    <Filter Include="Game\Game\State\Title">
      <UniqueIdentifier>{93c57ac4-5ea4-434d-9f86-fd8b3135cb29}</UniqueIdentifier>
    </Filter>
    <Filter Include="Game\Game\State\Play">
      <UniqueIdentifier>{952a5e04-7770-4163-bc5f-2b800648bc9c}</UniqueIdentifier>
    </Filter>
    <Filter Include="Game\Game\State\Resoult">
      <UniqueIdentifier>{f7c25fdc-ad17-4ff9-aa63-81e734b6e4f9}</UniqueIdentifier>
    </Filter>
  </ItemGroup>
  <ItemGroup>
    <ClInclude Include="pch.h" />
    <ClInclude Include="Game\Common\DeviceResources.h">
      <Filter>Game\Common</Filter>
    </ClInclude>
    <ClInclude Include="Game\Common\StepTimer.h">
      <Filter>Game\Common</Filter>
    </ClInclude>
    <ClInclude Include="Game\Game\Game.h">
      <Filter>Game\Game</Filter>
    </ClInclude>
    <ClInclude Include="Game\Framework\Context\GameContext.h">
      <Filter>Game\Framework\Context</Filter>
    </ClInclude>
    <ClInclude Include="Game\Framework\Json\JsonImport.h">
      <Filter>Game\Framework\Json</Filter>
    </ClInclude>
    <ClInclude Include="Game\Framework\Sound\Adx2Le.h">
      <Filter>Game\Framework\Sound</Filter>
    </ClInclude>
    <ClInclude Include="Game\Framework\Context\TypeID.h">
      <Filter>Game\Framework\Context</Filter>
    </ClInclude>
    <ClInclude Include="Game\Framework\Utility\MathUtility.h">
      <Filter>Game\Framework\Utility</Filter>
    </ClInclude>
    <ClInclude Include="Game\Framework\GameObject\Transform.h">
      <Filter>Game\Framework\GameObject</Filter>
    </ClInclude>
    <ClInclude Include="Game\Framework\GameObject\Property.h">
      <Filter>Game\Framework\GameObject</Filter>
    </ClInclude>
    <ClInclude Include="Game\Framework\GameObject\GameObject.h">
      <Filter>Game\Framework\GameObject</Filter>
    </ClInclude>
    <ClInclude Include="Game\Game\State\IState.h">
      <Filter>Game\Game\State</Filter>
    </ClInclude>
    <ClInclude Include="Game\Framework\Framework.h">
      <Filter>Game\Framework</Filter>
    </ClInclude>
    <ClInclude Include="Game\Game\State\StateManager.h">
      <Filter>Game\Game\State</Filter>
    </ClInclude>
  </ItemGroup>
  <ItemGroup>
    <ClCompile Include="pch.cpp" />
    <ClCompile Include="Game\Main.cpp">
      <Filter>Game</Filter>
    </ClCompile>
    <ClCompile Include="Game\Common\DeviceResources.cpp">
      <Filter>Game\Common</Filter>
    </ClCompile>
    <ClCompile Include="Game\Game\Game.cpp">
      <Filter>Game\Game</Filter>
    </ClCompile>
    <ClCompile Include="Game\Framework\Sound\Adx2Le.cpp">
      <Filter>Game\Framework\Sound</Filter>
    </ClCompile>
    <ClCompile Include="Game\Framework\Utility\MathUtility.cpp">
      <Filter>Game\Framework\Utility</Filter>
    </ClCompile>
    <ClCompile Include="Game\Game\State\StateManager.cpp">
      <Filter>Game\Game\State</Filter>
    </ClCompile>
  </ItemGroup>
  <ItemGroup>
    <ResourceCompile Include="resource.rc" />
  </ItemGroup>
  <ItemGroup>
    <Image Include="directx.ico">
      <Filter>Assets</Filter>
    </Image>
  </ItemGroup>
  <ItemGroup>
    <Manifest Include="settings.manifest">
      <Filter>Assets</Filter>
    </Manifest>
  </ItemGroup>
</Project>